
Microsoft Visual Studio Solution File, Format Version 12.00
# Visual Studio Version 16
VisualStudioVersion = 16.0.31702.278
MinimumVisualStudioVersion = 10.0.40219.1
Project("{FAE04EC0-301F-11D3-BF4B-00C04F79EFBC}") = "ExercicioAutoEscola", "ExercicioAutoEscola.csproj", "{A38CD5A4-52CF-4537-95B3-0F5A7064EF8F}"
EndProject
Global
	GlobalSection(SolutionConfigurationPlatforms) = preSolution
		Debug|Any CPU = Debug|Any CPU
		Release|Any CPU = Release|Any CPU
	EndGlobalSection
	GlobalSection(ProjectConfigurationPlatforms) = postSolution
		{A38CD5A4-52CF-4537-95B3-0F5A7064EF8F}.Debug|Any CPU.ActiveCfg = Debug|Any CPU
		{A38CD5A4-52CF-4537-95B3-0F5A7064EF8F}.Debug|Any CPU.Build.0 = Debug|Any CPU
		{A38CD5A4-52CF-4537-95B3-0F5A7064EF8F}.Release|Any CPU.ActiveCfg = Release|Any CPU
		{A38CD5A4-52CF-4537-95B3-0F5A7064EF8F}.Release|Any CPU.Build.0 = Release|Any CPU
	EndGlobalSection
	GlobalSection(SolutionProperties) = preSolution
		HideSolutionNode = FALSE
	EndGlobalSection
	GlobalSection(ExtensibilityGlobals) = postSolution
		SolutionGuid = {768A5834-73F3-46EE-B562-A5AFC26071C7}
	EndGlobalSection
EndGlobal
